{
  "object": {
    "pins": [
      {
        "package": "Cryptor",
        "repositoryURL": "https://github.com/IBM-Swift/BlueCryptor.git",
        "state": {
          "branch": null,
          "revision": "25186dc1a53f3eb6d900853f659dff8b9af523aa",
          "version": "1.0.23"
        }
      },
      {
        "package": "Html",
        "repositoryURL": "https://github.com/pointfreeco/swift-html",
        "state": {
          "branch": null,
          "revision": "b1b59b3c48b6c0e1bc8b0b54c7cc7e2b91b9f5e7",
          "version": "0.2.1"
        }
      },
      {
        "package": "swift-log",
        "repositoryURL": "https://github.com/apple/swift-log.git",
        "state": {
          "branch": null,
          "revision": "f4240bf022a69815241a883c03645444b58ac553",
          "version": "1.1.0"
        }
      },
      {
        "package": "swift-nio",
        "repositoryURL": "https://github.com/apple/swift-nio.git",
        "state": {
          "branch": null,
          "revision": "ed50f8a41ece8db20afa8d1188fc0960f95263df",
          "version": "2.2.0"
        }
      },
      {
        "package": "swift-nio-extras",
        "repositoryURL": "https://github.com/apple/swift-nio-extras.git",
        "state": {
          "branch": null,
          "revision": "96e8335180ca61c7187efe47058a1c99eadaf265",
          "version": "1.1.0"
        }
      },
      {
        "package": "swift-nio-ssl",
        "repositoryURL": "https://github.com/apple/swift-nio-ssl.git",
        "state": {
          "branch": null,
          "revision": "dc23a24fbe5d59429eacf45a9add82fdf6ab90e6",
          "version": "2.1.0"
        }
      },
      {
        "package": "NonEmpty",
        "repositoryURL": "https://github.com/pointfreeco/swift-nonempty.git",
        "state": {
          "branch": null,
          "revision": "2051d80bcc1510f14508c942d64b5c6364ed1bdc",
          "version": "0.2.0"
        }
      },
      {
        "package": "Prelude",
        "repositoryURL": "https://github.com/pointfreeco/swift-prelude.git",
        "state": {
          "branch": "swift-5",
          "revision": "3f06eada6a03c8cc4638892be6eec925ce2bb1d7",
          "version": null
        }
      },
      {
        "package": "SnapshotTesting",
        "repositoryURL": "https://github.com/pointfreeco/swift-snapshot-testing.git",
        "state": {
          "branch": null,
          "revision": "883f0b0623ae55f41f42e2399dab428017896448",
          "version": "1.5.0"
        }
      },
      {
        "package": "Tagged",
        "repositoryURL": "https://github.com/pointfreeco/swift-tagged.git",
        "state": {
          "branch": null,
          "revision": "890b791f3e28de6ded242fe02c2b8dfea1ee32b6",
          "version": "0.4.0"
        }
      },
      {
        "package": "Web",
        "repositoryURL": "https://github.com/afarnham/swift-web.git",
        "state": {
          "branch": "swift-5",
          "revision": "162348e1a15dfee79036bd473529fc6ce6665f8e",
          "version": null
        }
      }
    ]
  },
  "version": 1
}
